
Microsoft Visual Studio Solution File, Format Version 12.00
# Visual Studio Version 16
VisualStudioVersion = 16.0.30406.217
MinimumVisualStudioVersion = 10.0.40219.1
Project("{FAE04EC0-301F-11D3-BF4B-00C04F79EFBC}") = "PRC391-demo", "PRC391-demo\PRC391-demo.csproj", "{5E55327B-B91B-4B55-9346-1C535FE61E1F}"
EndProject
Global
	GlobalSection(SolutionConfigurationPlatforms) = preSolution
		Debug|Any CPU = Debug|Any CPU
		Release|Any CPU = Release|Any CPU
	EndGlobalSection
	GlobalSection(ProjectConfigurationPlatforms) = postSolution
		{5E55327B-B91B-4B55-9346-1C535FE61E1F}.Debug|Any CPU.ActiveCfg = Debug|Any CPU
		{5E55327B-B91B-4B55-9346-1C535FE61E1F}.Debug|Any CPU.Build.0 = Debug|Any CPU
		{5E55327B-B91B-4B55-9346-1C535FE61E1F}.Release|Any CPU.ActiveCfg = Release|Any CPU
		{5E55327B-B91B-4B55-9346-1C535FE61E1F}.Release|Any CPU.Build.0 = Release|Any CPU
	EndGlobalSection
	GlobalSection(SolutionProperties) = preSolution
		HideSolutionNode = FALSE
	EndGlobalSection
	GlobalSection(ExtensibilityGlobals) = postSolution
		SolutionGuid = {8D73CFE8-EB1A-48B8-A0E1-CCF936FEA35F}
	EndGlobalSection
EndGlobal
